
Microsoft Visual Studio Solution File, Format Version 12.00
# Visual Studio 15
VisualStudioVersion = 15.0.27004.2005
MinimumVisualStudioVersion = 10.0.40219.1
Project("{FAE04EC0-301F-11D3-BF4B-00C04F79EFBC}") = "ApiInterface", "ApiInterface\ApiInterface.csproj", "{3B97B9FE-67F4-4ADA-BECC-440A03671B6A}"
EndProject
Global
	GlobalSection(SolutionConfigurationPlatforms) = preSolution
		Debug|Any CPU = Debug|Any CPU
		Release|Any CPU = Release|Any CPU
	EndGlobalSection
	GlobalSection(ProjectConfigurationPlatforms) = postSolution
		{3B97B9FE-67F4-4ADA-BECC-440A03671B6A}.Debug|Any CPU.ActiveCfg = Debug|Any CPU
		{3B97B9FE-67F4-4ADA-BECC-440A03671B6A}.Debug|Any CPU.Build.0 = Debug|Any CPU
		{3B97B9FE-67F4-4ADA-BECC-440A03671B6A}.Release|Any CPU.ActiveCfg = Release|Any CPU
		{3B97B9FE-67F4-4ADA-BECC-440A03671B6A}.Release|Any CPU.Build.0 = Release|Any CPU
	EndGlobalSection
	GlobalSection(SolutionProperties) = preSolution
		HideSolutionNode = FALSE
	EndGlobalSection
	GlobalSection(ExtensibilityGlobals) = postSolution
		SolutionGuid = {2754A92B-00C3-4492-869B-9024CCD1ABFF}
	EndGlobalSection
EndGlobal
