
Microsoft Visual Studio Solution File, Format Version 12.00
# Visual Studio 15
VisualStudioVersion = 15.0.27004.2005
MinimumVisualStudioVersion = 10.0.40219.1
Project("{FAE04EC0-301F-11D3-BF4B-00C04F79EFBC}") = "ChordsInterface", "ChordsService\ChordsInterface.csproj", "{8E8BF03E-59DF-4784-834F-6D9EFBD2ADB2}"
EndProject
Project("{FAE04EC0-301F-11D3-BF4B-00C04F79EFBC}") = "Tests", "ServiceTests\Tests.csproj", "{AA1A14B0-19EE-4668-A1C4-98697C02EFB6}"
	ProjectSection(ProjectDependencies) = postProject
		{8E8BF03E-59DF-4784-834F-6D9EFBD2ADB2} = {8E8BF03E-59DF-4784-834F-6D9EFBD2ADB2}
	EndProjectSection
EndProject
Project("{FAE04EC0-301F-11D3-BF4B-00C04F79EFBC}") = "ChordsClient", "ChordsClient\ChordsClient.csproj", "{A4F34B3B-C7F7-4599-AC0D-140AA73E9E29}"
	ProjectSection(ProjectDependencies) = postProject
		{8E8BF03E-59DF-4784-834F-6D9EFBD2ADB2} = {8E8BF03E-59DF-4784-834F-6D9EFBD2ADB2}
	EndProjectSection
EndProject
Project("{E24C65DC-7377-472B-9ABA-BC803B73C61A}") = "CompanionSite", "CompanionSite\", "{D17D56F3-535C-4674-943B-036D358E2410}"
	ProjectSection(WebsiteProperties) = preProject
		TargetFrameworkMoniker = ".NETFramework,Version%3Dv4.0"
		Debug.AspNetCompiler.VirtualPath = "/localhost_54613"
		Debug.AspNetCompiler.PhysicalPath = "CompanionSite\"
		Debug.AspNetCompiler.TargetPath = "PrecompiledWeb\localhost_54613\"
		Debug.AspNetCompiler.Updateable = "true"
		Debug.AspNetCompiler.ForceOverwrite = "true"
		Debug.AspNetCompiler.FixedNames = "false"
		Debug.AspNetCompiler.Debug = "True"
		Release.AspNetCompiler.VirtualPath = "/localhost_54613"
		Release.AspNetCompiler.PhysicalPath = "CompanionSite\"
		Release.AspNetCompiler.TargetPath = "PrecompiledWeb\localhost_54613\"
		Release.AspNetCompiler.Updateable = "true"
		Release.AspNetCompiler.ForceOverwrite = "true"
		Release.AspNetCompiler.FixedNames = "false"
		Release.AspNetCompiler.Debug = "False"
		VWDPort = "54613"
		SlnRelativePath = "CompanionSite\"
	EndProjectSection
	ProjectSection(ProjectDependencies) = postProject
		{8E8BF03E-59DF-4784-834F-6D9EFBD2ADB2} = {8E8BF03E-59DF-4784-834F-6D9EFBD2ADB2}
	EndProjectSection
EndProject
Global
	GlobalSection(SolutionConfigurationPlatforms) = preSolution
		Debug|Any CPU = Debug|Any CPU
		Release|Any CPU = Release|Any CPU
	EndGlobalSection
	GlobalSection(ProjectConfigurationPlatforms) = postSolution
		{8E8BF03E-59DF-4784-834F-6D9EFBD2ADB2}.Debug|Any CPU.ActiveCfg = Debug|Any CPU
		{8E8BF03E-59DF-4784-834F-6D9EFBD2ADB2}.Debug|Any CPU.Build.0 = Debug|Any CPU
		{8E8BF03E-59DF-4784-834F-6D9EFBD2ADB2}.Release|Any CPU.ActiveCfg = Release|Any CPU
		{8E8BF03E-59DF-4784-834F-6D9EFBD2ADB2}.Release|Any CPU.Build.0 = Release|Any CPU
		{AA1A14B0-19EE-4668-A1C4-98697C02EFB6}.Debug|Any CPU.ActiveCfg = Debug|Any CPU
		{AA1A14B0-19EE-4668-A1C4-98697C02EFB6}.Debug|Any CPU.Build.0 = Debug|Any CPU
		{AA1A14B0-19EE-4668-A1C4-98697C02EFB6}.Release|Any CPU.ActiveCfg = Release|Any CPU
		{AA1A14B0-19EE-4668-A1C4-98697C02EFB6}.Release|Any CPU.Build.0 = Release|Any CPU
		{A4F34B3B-C7F7-4599-AC0D-140AA73E9E29}.Debug|Any CPU.ActiveCfg = Debug|Any CPU
		{A4F34B3B-C7F7-4599-AC0D-140AA73E9E29}.Debug|Any CPU.Build.0 = Debug|Any CPU
		{A4F34B3B-C7F7-4599-AC0D-140AA73E9E29}.Release|Any CPU.ActiveCfg = Release|Any CPU
		{A4F34B3B-C7F7-4599-AC0D-140AA73E9E29}.Release|Any CPU.Build.0 = Release|Any CPU
		{D17D56F3-535C-4674-943B-036D358E2410}.Debug|Any CPU.ActiveCfg = Debug|Any CPU
		{D17D56F3-535C-4674-943B-036D358E2410}.Debug|Any CPU.Build.0 = Debug|Any CPU
		{D17D56F3-535C-4674-943B-036D358E2410}.Release|Any CPU.ActiveCfg = Debug|Any CPU
		{D17D56F3-535C-4674-943B-036D358E2410}.Release|Any CPU.Build.0 = Debug|Any CPU
	EndGlobalSection
	GlobalSection(SolutionProperties) = preSolution
		HideSolutionNode = FALSE
	EndGlobalSection
	GlobalSection(ExtensibilityGlobals) = postSolution
		SolutionGuid = {627B3963-1CFC-46F8-91A5-1C55D98F8C75}
	EndGlobalSection
EndGlobal
